
Microsoft Visual Studio Solution File, Format Version 12.00
# Visual Studio 15
VisualStudioVersion = 15.0.26430.6
MinimumVisualStudioVersion = 10.0.40219.1
Project("{FAE04EC0-301F-11D3-BF4B-00C04F79EFBC}") = "01_CountWorkinDays", "01_CountWorkinDays\01_CountWorkinDays.csproj", "{03FFBD06-46CD-4A8E-BF0F-F7FE9F963C73}"
EndProject
Project("{FAE04EC0-301F-11D3-BF4B-00C04F79EFBC}") = "02_AdvertisementMessage", "02_AdvertisementMessage\02_AdvertisementMessage.csproj", "{C44F3A2F-FA37-4B7A-8398-00C3E0FB986B}"
EndProject
Project("{FAE04EC0-301F-11D3-BF4B-00C04F79EFBC}") = "03_IntersectionOfCircles", "03_IntersectionOfCircles\03_IntersectionOfCircles.csproj", "{FAEBD8EB-D4F1-466C-9025-DE93A2566593}"
EndProject
Project("{FAE04EC0-301F-11D3-BF4B-00C04F79EFBC}") = "04_AverageGrades", "04_AverageGrades\04_AverageGrades.csproj", "{55CCD8C4-3BBF-4EED-A1FF-F0BE2B9E2B90}"
EndProject
Project("{FAE04EC0-301F-11D3-BF4B-00C04F79EFBC}") = "05_BookLibrary", "05_BookLibrary\05_BookLibrary.csproj", "{69958A03-8CE2-4469-B476-E63C622C4557}"
EndProject
Project("{FAE04EC0-301F-11D3-BF4B-00C04F79EFBC}") = "06_BookLibraryModification", "06_BookLibraryModification\06_BookLibraryModification.csproj", "{44DF0C90-2850-4C14-A571-B700D020F183}"
EndProject
Project("{FAE04EC0-301F-11D3-BF4B-00C04F79EFBC}") = "07_AndreyAndBilliard", "07_AndreyAndBilliard\07_AndreyAndBilliard.csproj", "{65B1F71B-A68F-4590-9428-7F453749C2C1}"
EndProject
Global
	GlobalSection(SolutionConfigurationPlatforms) = preSolution
		Debug|Any CPU = Debug|Any CPU
		Release|Any CPU = Release|Any CPU
	EndGlobalSection
	GlobalSection(ProjectConfigurationPlatforms) = postSolution
		{03FFBD06-46CD-4A8E-BF0F-F7FE9F963C73}.Debug|Any CPU.ActiveCfg = Debug|Any CPU
		{03FFBD06-46CD-4A8E-BF0F-F7FE9F963C73}.Debug|Any CPU.Build.0 = Debug|Any CPU
		{03FFBD06-46CD-4A8E-BF0F-F7FE9F963C73}.Release|Any CPU.ActiveCfg = Release|Any CPU
		{03FFBD06-46CD-4A8E-BF0F-F7FE9F963C73}.Release|Any CPU.Build.0 = Release|Any CPU
		{C44F3A2F-FA37-4B7A-8398-00C3E0FB986B}.Debug|Any CPU.ActiveCfg = Debug|Any CPU
		{C44F3A2F-FA37-4B7A-8398-00C3E0FB986B}.Debug|Any CPU.Build.0 = Debug|Any CPU
		{C44F3A2F-FA37-4B7A-8398-00C3E0FB986B}.Release|Any CPU.ActiveCfg = Release|Any CPU
		{C44F3A2F-FA37-4B7A-8398-00C3E0FB986B}.Release|Any CPU.Build.0 = Release|Any CPU
		{FAEBD8EB-D4F1-466C-9025-DE93A2566593}.Debug|Any CPU.ActiveCfg = Debug|Any CPU
		{FAEBD8EB-D4F1-466C-9025-DE93A2566593}.Debug|Any CPU.Build.0 = Debug|Any CPU
		{FAEBD8EB-D4F1-466C-9025-DE93A2566593}.Release|Any CPU.ActiveCfg = Release|Any CPU
		{FAEBD8EB-D4F1-466C-9025-DE93A2566593}.Release|Any CPU.Build.0 = Release|Any CPU
		{55CCD8C4-3BBF-4EED-A1FF-F0BE2B9E2B90}.Debug|Any CPU.ActiveCfg = Debug|Any CPU
		{55CCD8C4-3BBF-4EED-A1FF-F0BE2B9E2B90}.Debug|Any CPU.Build.0 = Debug|Any CPU
		{55CCD8C4-3BBF-4EED-A1FF-F0BE2B9E2B90}.Release|Any CPU.ActiveCfg = Release|Any CPU
		{55CCD8C4-3BBF-4EED-A1FF-F0BE2B9E2B90}.Release|Any CPU.Build.0 = Release|Any CPU
		{69958A03-8CE2-4469-B476-E63C622C4557}.Debug|Any CPU.ActiveCfg = Debug|Any CPU
		{69958A03-8CE2-4469-B476-E63C622C4557}.Debug|Any CPU.Build.0 = Debug|Any CPU
		{69958A03-8CE2-4469-B476-E63C622C4557}.Release|Any CPU.ActiveCfg = Release|Any CPU
		{69958A03-8CE2-4469-B476-E63C622C4557}.Release|Any CPU.Build.0 = Release|Any CPU
		{44DF0C90-2850-4C14-A571-B700D020F183}.Debug|Any CPU.ActiveCfg = Debug|Any CPU
		{44DF0C90-2850-4C14-A571-B700D020F183}.Debug|Any CPU.Build.0 = Debug|Any CPU
		{44DF0C90-2850-4C14-A571-B700D020F183}.Release|Any CPU.ActiveCfg = Release|Any CPU
		{44DF0C90-2850-4C14-A571-B700D020F183}.Release|Any CPU.Build.0 = Release|Any CPU
		{65B1F71B-A68F-4590-9428-7F453749C2C1}.Debug|Any CPU.ActiveCfg = Debug|Any CPU
		{65B1F71B-A68F-4590-9428-7F453749C2C1}.Debug|Any CPU.Build.0 = Debug|Any CPU
		{65B1F71B-A68F-4590-9428-7F453749C2C1}.Release|Any CPU.ActiveCfg = Release|Any CPU
		{65B1F71B-A68F-4590-9428-7F453749C2C1}.Release|Any CPU.Build.0 = Release|Any CPU
		{4F21559A-E578-4961-A857-93329469A7D6}.Debug|Any CPU.ActiveCfg = Debug|Any CPU
		{4F21559A-E578-4961-A857-93329469A7D6}.Debug|Any CPU.Build.0 = Debug|Any CPU
		{4F21559A-E578-4961-A857-93329469A7D6}.Release|Any CPU.ActiveCfg = Release|Any CPU
		{4F21559A-E578-4961-A857-93329469A7D6}.Release|Any CPU.Build.0 = Release|Any CPU
	EndGlobalSection
	GlobalSection(SolutionProperties) = preSolution
		HideSolutionNode = FALSE
	EndGlobalSection
EndGlobal
