
Microsoft Visual Studio Solution File, Format Version 12.00
# Visual Studio 15
VisualStudioVersion = 15.0.26430.6
MinimumVisualStudioVersion = 10.0.40219.1
Project("{FAE04EC0-301F-11D3-BF4B-00C04F79EFBC}") = "01_SortTimes", "01_SortTimes\01_SortTimes.csproj", "{EF14EBE8-395A-43B9-BBEB-1D6F861F7F50}"
EndProject
Project("{FAE04EC0-301F-11D3-BF4B-00C04F79EFBC}") = "02_OddFilter", "02_OddFilter\02_OddFilter.csproj", "{DB48939A-1FEA-4AB1-AFFD-4F6C06CAED96}"
EndProject
Project("{FAE04EC0-301F-11D3-BF4B-00C04F79EFBC}") = "03_ImmuneSystem", "03_ImmuneSystem\03_ImmuneSystem.csproj", "{1C9544DC-F9AF-457E-B9D8-12BAED6ACCBF}"
EndProject
Project("{FAE04EC0-301F-11D3-BF4B-00C04F79EFBC}") = "04_SupermarketDatabase", "04_SupermarketDatabase\04_SupermarketDatabase.csproj", "{CFFC3E0F-F321-4D8F-BFCF-C94A43F4866A}"
EndProject
Project("{FAE04EC0-301F-11D3-BF4B-00C04F79EFBC}") = "05_VarkingInvalidation", "05_VarkingInvalidation\05_VarkingInvalidation.csproj", "{9B57ACC7-DEC3-4D53-B980-09DB92E14605}"
EndProject
Project("{FAE04EC0-301F-11D3-BF4B-00C04F79EFBC}") = "06_ByteFlip", "06_ByteFlip\06_ByteFlip.csproj", "{30137366-12FF-4279-83D5-31ADE4C65E5A}"
EndProject
Project("{FAE04EC0-301F-11D3-BF4B-00C04F79EFBC}") = "07_TakeSkipRope", "07_TakeSkipRope\07_TakeSkipRope.csproj", "{FE6BA732-A7F8-4C35-BEF5-AA6E33F117FE}"
EndProject
Global
	GlobalSection(SolutionConfigurationPlatforms) = preSolution
		Debug|Any CPU = Debug|Any CPU
		Release|Any CPU = Release|Any CPU
	EndGlobalSection
	GlobalSection(ProjectConfigurationPlatforms) = postSolution
		{EF14EBE8-395A-43B9-BBEB-1D6F861F7F50}.Debug|Any CPU.ActiveCfg = Debug|Any CPU
		{EF14EBE8-395A-43B9-BBEB-1D6F861F7F50}.Debug|Any CPU.Build.0 = Debug|Any CPU
		{EF14EBE8-395A-43B9-BBEB-1D6F861F7F50}.Release|Any CPU.ActiveCfg = Release|Any CPU
		{EF14EBE8-395A-43B9-BBEB-1D6F861F7F50}.Release|Any CPU.Build.0 = Release|Any CPU
		{DB48939A-1FEA-4AB1-AFFD-4F6C06CAED96}.Debug|Any CPU.ActiveCfg = Debug|Any CPU
		{DB48939A-1FEA-4AB1-AFFD-4F6C06CAED96}.Debug|Any CPU.Build.0 = Debug|Any CPU
		{DB48939A-1FEA-4AB1-AFFD-4F6C06CAED96}.Release|Any CPU.ActiveCfg = Release|Any CPU
		{DB48939A-1FEA-4AB1-AFFD-4F6C06CAED96}.Release|Any CPU.Build.0 = Release|Any CPU
		{1C9544DC-F9AF-457E-B9D8-12BAED6ACCBF}.Debug|Any CPU.ActiveCfg = Debug|Any CPU
		{1C9544DC-F9AF-457E-B9D8-12BAED6ACCBF}.Debug|Any CPU.Build.0 = Debug|Any CPU
		{1C9544DC-F9AF-457E-B9D8-12BAED6ACCBF}.Release|Any CPU.ActiveCfg = Release|Any CPU
		{1C9544DC-F9AF-457E-B9D8-12BAED6ACCBF}.Release|Any CPU.Build.0 = Release|Any CPU
		{CFFC3E0F-F321-4D8F-BFCF-C94A43F4866A}.Debug|Any CPU.ActiveCfg = Debug|Any CPU
		{CFFC3E0F-F321-4D8F-BFCF-C94A43F4866A}.Debug|Any CPU.Build.0 = Debug|Any CPU
		{CFFC3E0F-F321-4D8F-BFCF-C94A43F4866A}.Release|Any CPU.ActiveCfg = Release|Any CPU
		{CFFC3E0F-F321-4D8F-BFCF-C94A43F4866A}.Release|Any CPU.Build.0 = Release|Any CPU
		{9B57ACC7-DEC3-4D53-B980-09DB92E14605}.Debug|Any CPU.ActiveCfg = Debug|Any CPU
		{9B57ACC7-DEC3-4D53-B980-09DB92E14605}.Debug|Any CPU.Build.0 = Debug|Any CPU
		{9B57ACC7-DEC3-4D53-B980-09DB92E14605}.Release|Any CPU.ActiveCfg = Release|Any CPU
		{9B57ACC7-DEC3-4D53-B980-09DB92E14605}.Release|Any CPU.Build.0 = Release|Any CPU
		{30137366-12FF-4279-83D5-31ADE4C65E5A}.Debug|Any CPU.ActiveCfg = Debug|Any CPU
		{30137366-12FF-4279-83D5-31ADE4C65E5A}.Debug|Any CPU.Build.0 = Debug|Any CPU
		{30137366-12FF-4279-83D5-31ADE4C65E5A}.Release|Any CPU.ActiveCfg = Release|Any CPU
		{30137366-12FF-4279-83D5-31ADE4C65E5A}.Release|Any CPU.Build.0 = Release|Any CPU
		{FE6BA732-A7F8-4C35-BEF5-AA6E33F117FE}.Debug|Any CPU.ActiveCfg = Debug|Any CPU
		{FE6BA732-A7F8-4C35-BEF5-AA6E33F117FE}.Debug|Any CPU.Build.0 = Debug|Any CPU
		{FE6BA732-A7F8-4C35-BEF5-AA6E33F117FE}.Release|Any CPU.ActiveCfg = Release|Any CPU
		{FE6BA732-A7F8-4C35-BEF5-AA6E33F117FE}.Release|Any CPU.Build.0 = Release|Any CPU
		{9C9B63D0-9FA3-4462-B0A6-C2F6B1CB1FA2}.Debug|Any CPU.ActiveCfg = Debug|Any CPU
		{9C9B63D0-9FA3-4462-B0A6-C2F6B1CB1FA2}.Debug|Any CPU.Build.0 = Debug|Any CPU
		{9C9B63D0-9FA3-4462-B0A6-C2F6B1CB1FA2}.Release|Any CPU.ActiveCfg = Release|Any CPU
		{9C9B63D0-9FA3-4462-B0A6-C2F6B1CB1FA2}.Release|Any CPU.Build.0 = Release|Any CPU
	EndGlobalSection
	GlobalSection(SolutionProperties) = preSolution
		HideSolutionNode = FALSE
	EndGlobalSection
EndGlobal
