
Microsoft Visual Studio Solution File, Format Version 12.00
# Visual Studio 15
VisualStudioVersion = 15.0.26430.6
MinimumVisualStudioVersion = 10.0.40219.1
Project("{FAE04EC0-301F-11D3-BF4B-00C04F79EFBC}") = "p01_Greeting", "Greeting\p01_Greeting.csproj", "{4E616CE4-E411-4E1D-8D48-560E57DEAAB0}"
EndProject
Project("{FAE04EC0-301F-11D3-BF4B-00C04F79EFBC}") = "p03_Employee Data", "Employee Data\p03_Employee Data.csproj", "{F6E301F8-52EB-431B-825C-D82506B4FA62}"
EndProject
Project("{FAE04EC0-301F-11D3-BF4B-00C04F79EFBC}") = "p02_Sum", "Sum\p02_Sum.csproj", "{3C9EF2E5-88FC-4AB9-91F5-958DF0BA78E1}"
EndProject
Global
	GlobalSection(SolutionConfigurationPlatforms) = preSolution
		Debug|Any CPU = Debug|Any CPU
		Release|Any CPU = Release|Any CPU
	EndGlobalSection
	GlobalSection(ProjectConfigurationPlatforms) = postSolution
		{4E616CE4-E411-4E1D-8D48-560E57DEAAB0}.Debug|Any CPU.ActiveCfg = Debug|Any CPU
		{4E616CE4-E411-4E1D-8D48-560E57DEAAB0}.Debug|Any CPU.Build.0 = Debug|Any CPU
		{4E616CE4-E411-4E1D-8D48-560E57DEAAB0}.Release|Any CPU.ActiveCfg = Release|Any CPU
		{4E616CE4-E411-4E1D-8D48-560E57DEAAB0}.Release|Any CPU.Build.0 = Release|Any CPU
		{F6E301F8-52EB-431B-825C-D82506B4FA62}.Debug|Any CPU.ActiveCfg = Debug|Any CPU
		{F6E301F8-52EB-431B-825C-D82506B4FA62}.Debug|Any CPU.Build.0 = Debug|Any CPU
		{F6E301F8-52EB-431B-825C-D82506B4FA62}.Release|Any CPU.ActiveCfg = Release|Any CPU
		{F6E301F8-52EB-431B-825C-D82506B4FA62}.Release|Any CPU.Build.0 = Release|Any CPU
		{3C9EF2E5-88FC-4AB9-91F5-958DF0BA78E1}.Debug|Any CPU.ActiveCfg = Debug|Any CPU
		{3C9EF2E5-88FC-4AB9-91F5-958DF0BA78E1}.Debug|Any CPU.Build.0 = Debug|Any CPU
		{3C9EF2E5-88FC-4AB9-91F5-958DF0BA78E1}.Release|Any CPU.ActiveCfg = Release|Any CPU
		{3C9EF2E5-88FC-4AB9-91F5-958DF0BA78E1}.Release|Any CPU.Build.0 = Release|Any CPU
	EndGlobalSection
	GlobalSection(SolutionProperties) = preSolution
		HideSolutionNode = FALSE
	EndGlobalSection
EndGlobal
