
Microsoft Visual Studio Solution File, Format Version 12.00
# Visual Studio 15
VisualStudioVersion = 15.0.26430.6
MinimumVisualStudioVersion = 10.0.40219.1
Project("{FAE04EC0-301F-11D3-BF4B-00C04F79EFBC}") = "01_ExtractEmails", "01_ExtractEmails\01_ExtractEmails.csproj", "{0ED06EF5-74F2-4AE2-A710-40A489CD3011}"
EndProject
Global
	GlobalSection(SolutionConfigurationPlatforms) = preSolution
		Debug|Any CPU = Debug|Any CPU
		Release|Any CPU = Release|Any CPU
	EndGlobalSection
	GlobalSection(ProjectConfigurationPlatforms) = postSolution
		{0ED06EF5-74F2-4AE2-A710-40A489CD3011}.Debug|Any CPU.ActiveCfg = Debug|Any CPU
		{0ED06EF5-74F2-4AE2-A710-40A489CD3011}.Debug|Any CPU.Build.0 = Debug|Any CPU
		{0ED06EF5-74F2-4AE2-A710-40A489CD3011}.Release|Any CPU.ActiveCfg = Release|Any CPU
		{0ED06EF5-74F2-4AE2-A710-40A489CD3011}.Release|Any CPU.Build.0 = Release|Any CPU
	EndGlobalSection
	GlobalSection(SolutionProperties) = preSolution
		HideSolutionNode = FALSE
	EndGlobalSection
EndGlobal
