
Microsoft Visual Studio Solution File, Format Version 12.00
# Visual Studio 15
VisualStudioVersion = 15.0.26430.14
MinimumVisualStudioVersion = 10.0.40219.1
Project("{FAE04EC0-301F-11D3-BF4B-00C04F79EFBC}") = "01_CharityMarathon", "01_CharityMarathon\01_CharityMarathon.csproj", "{50161840-EFD6-4095-996B-A7F08071FD2F}"
EndProject
Project("{FAE04EC0-301F-11D3-BF4B-00C04F79EFBC}") = "02_LadyBugs", "02_LadyBugs\02_LadyBugs.csproj", "{D6BBBA40-02FE-428A-B338-66797FBA8E01}"
EndProject
Project("{FAE04EC0-301F-11D3-BF4B-00C04F79EFBC}") = "03_NetherRealms", "03_NetherRealms\03_NetherRealms.csproj", "{FA052976-FBCB-4D0F-BF7E-CED4792839EF}"
EndProject
Project("{FAE04EC0-301F-11D3-BF4B-00C04F79EFBC}") = "04_RoliTheCoder", "04_RoliTheCoder\04_RoliTheCoder.csproj", "{907D5DB4-35BF-47A1-98E3-68DEB19594A4}"
EndProject
Global
	GlobalSection(SolutionConfigurationPlatforms) = preSolution
		Debug|Any CPU = Debug|Any CPU
		Release|Any CPU = Release|Any CPU
	EndGlobalSection
	GlobalSection(ProjectConfigurationPlatforms) = postSolution
		{50161840-EFD6-4095-996B-A7F08071FD2F}.Debug|Any CPU.ActiveCfg = Debug|Any CPU
		{50161840-EFD6-4095-996B-A7F08071FD2F}.Debug|Any CPU.Build.0 = Debug|Any CPU
		{50161840-EFD6-4095-996B-A7F08071FD2F}.Release|Any CPU.ActiveCfg = Release|Any CPU
		{50161840-EFD6-4095-996B-A7F08071FD2F}.Release|Any CPU.Build.0 = Release|Any CPU
		{D6BBBA40-02FE-428A-B338-66797FBA8E01}.Debug|Any CPU.ActiveCfg = Debug|Any CPU
		{D6BBBA40-02FE-428A-B338-66797FBA8E01}.Debug|Any CPU.Build.0 = Debug|Any CPU
		{D6BBBA40-02FE-428A-B338-66797FBA8E01}.Release|Any CPU.ActiveCfg = Release|Any CPU
		{D6BBBA40-02FE-428A-B338-66797FBA8E01}.Release|Any CPU.Build.0 = Release|Any CPU
		{FA052976-FBCB-4D0F-BF7E-CED4792839EF}.Debug|Any CPU.ActiveCfg = Debug|Any CPU
		{FA052976-FBCB-4D0F-BF7E-CED4792839EF}.Debug|Any CPU.Build.0 = Debug|Any CPU
		{FA052976-FBCB-4D0F-BF7E-CED4792839EF}.Release|Any CPU.ActiveCfg = Release|Any CPU
		{FA052976-FBCB-4D0F-BF7E-CED4792839EF}.Release|Any CPU.Build.0 = Release|Any CPU
		{907D5DB4-35BF-47A1-98E3-68DEB19594A4}.Debug|Any CPU.ActiveCfg = Debug|Any CPU
		{907D5DB4-35BF-47A1-98E3-68DEB19594A4}.Debug|Any CPU.Build.0 = Debug|Any CPU
		{907D5DB4-35BF-47A1-98E3-68DEB19594A4}.Release|Any CPU.ActiveCfg = Release|Any CPU
		{907D5DB4-35BF-47A1-98E3-68DEB19594A4}.Release|Any CPU.Build.0 = Release|Any CPU
	EndGlobalSection
	GlobalSection(SolutionProperties) = preSolution
		HideSolutionNode = FALSE
	EndGlobalSection
EndGlobal
